
Microsoft Visual Studio Solution File, Format Version 12.00
# Visual Studio Version 16
VisualStudioVersion = 16.0.31321.278
MinimumVisualStudioVersion = 10.0.40219.1
Project("{9A19103F-16F7-4668-BE54-9A1E7A4F7556}") = "As.Posterr.Domain", "As.Posterr.Domain\As.Posterr.Domain.csproj", "{DC464831-C254-45E5-8A08-0C18F1244444}"
EndProject
Project("{9A19103F-16F7-4668-BE54-9A1E7A4F7556}") = "As.Posterr.Application", "As.Posterr.Application\As.Posterr.Application.csproj", "{14443F94-53CC-46E6-92CC-3C587E2C4E9B}"
EndProject
Project("{9A19103F-16F7-4668-BE54-9A1E7A4F7556}") = "As.Posterr.Test", "As.Posterr.Test\As.Posterr.Test.csproj", "{A216A116-C2C9-4F4D-B55A-8DFECDCE3244}"
EndProject
Project("{9A19103F-16F7-4668-BE54-9A1E7A4F7556}") = "As.Posterr.Api", "As.Posterr.Api\As.Posterr.Api.csproj", "{C727E638-1061-4496-B96F-D0662544C203}"
EndProject
Project("{2150E333-8FDC-42A3-9474-1A3956D46DE8}") = "Application", "Application", "{FDC6989A-FE1F-4BF2-82CE-32DC6C35C173}"
EndProject
Project("{2150E333-8FDC-42A3-9474-1A3956D46DE8}") = "Domain", "Domain", "{4D030EAD-2D80-4866-999D-B9EC87414400}"
EndProject
Project("{2150E333-8FDC-42A3-9474-1A3956D46DE8}") = "Infrastructure", "Infrastructure", "{4E53D433-8F26-4251-8BA3-B7197755BCAE}"
EndProject
Project("{2150E333-8FDC-42A3-9474-1A3956D46DE8}") = "Tests", "Tests", "{809D706A-6689-4883-A192-ACE186189EC9}"
EndProject
Project("{FAE04EC0-301F-11D3-BF4B-00C04F79EFBC}") = "As.Posterr.Repositories.MongoDB", "As.Posterr.Repository\As.Posterr.Repositories.MongoDB.csproj", "{11397195-6D82-4D10-A775-1E0499A6AF55}"
EndProject
Project("{FAE04EC0-301F-11D3-BF4B-00C04F79EFBC}") = "As.Posterr.EventPublisher", "As.Posterr.EventBus\As.Posterr.EventPublisher.csproj", "{0F5BE586-21CB-41B3-B7D7-2E274A029343}"
EndProject
Project("{FAE04EC0-301F-11D3-BF4B-00C04F79EFBC}") = "As.Posterr.Repositories.MongoDB.Migrations", "As.Posterr.Repositories.MongoDB.Migrations\As.Posterr.Repositories.MongoDB.Migrations.csproj", "{47481826-138A-4B90-A7D6-362764752CE4}"
EndProject
Project("{9A19103F-16F7-4668-BE54-9A1E7A4F7556}") = "As.Posterr.Application.Contracts", "As.Posterr.Application.Contracts\As.Posterr.Application.Contracts.csproj", "{9D1E0A20-4A54-4625-9D64-C8113C92D8EF}"
EndProject
Global
	GlobalSection(SolutionConfigurationPlatforms) = preSolution
		Debug|Any CPU = Debug|Any CPU
		Release|Any CPU = Release|Any CPU
	EndGlobalSection
	GlobalSection(ProjectConfigurationPlatforms) = postSolution
		{DC464831-C254-45E5-8A08-0C18F1244444}.Debug|Any CPU.ActiveCfg = Debug|Any CPU
		{DC464831-C254-45E5-8A08-0C18F1244444}.Debug|Any CPU.Build.0 = Debug|Any CPU
		{DC464831-C254-45E5-8A08-0C18F1244444}.Release|Any CPU.ActiveCfg = Release|Any CPU
		{DC464831-C254-45E5-8A08-0C18F1244444}.Release|Any CPU.Build.0 = Release|Any CPU
		{14443F94-53CC-46E6-92CC-3C587E2C4E9B}.Debug|Any CPU.ActiveCfg = Debug|Any CPU
		{14443F94-53CC-46E6-92CC-3C587E2C4E9B}.Debug|Any CPU.Build.0 = Debug|Any CPU
		{14443F94-53CC-46E6-92CC-3C587E2C4E9B}.Release|Any CPU.ActiveCfg = Release|Any CPU
		{14443F94-53CC-46E6-92CC-3C587E2C4E9B}.Release|Any CPU.Build.0 = Release|Any CPU
		{A216A116-C2C9-4F4D-B55A-8DFECDCE3244}.Debug|Any CPU.ActiveCfg = Debug|Any CPU
		{A216A116-C2C9-4F4D-B55A-8DFECDCE3244}.Debug|Any CPU.Build.0 = Debug|Any CPU
		{A216A116-C2C9-4F4D-B55A-8DFECDCE3244}.Release|Any CPU.ActiveCfg = Release|Any CPU
		{A216A116-C2C9-4F4D-B55A-8DFECDCE3244}.Release|Any CPU.Build.0 = Release|Any CPU
		{C727E638-1061-4496-B96F-D0662544C203}.Debug|Any CPU.ActiveCfg = Debug|Any CPU
		{C727E638-1061-4496-B96F-D0662544C203}.Debug|Any CPU.Build.0 = Debug|Any CPU
		{C727E638-1061-4496-B96F-D0662544C203}.Release|Any CPU.ActiveCfg = Release|Any CPU
		{C727E638-1061-4496-B96F-D0662544C203}.Release|Any CPU.Build.0 = Release|Any CPU
		{11397195-6D82-4D10-A775-1E0499A6AF55}.Debug|Any CPU.ActiveCfg = Debug|Any CPU
		{11397195-6D82-4D10-A775-1E0499A6AF55}.Debug|Any CPU.Build.0 = Debug|Any CPU
		{11397195-6D82-4D10-A775-1E0499A6AF55}.Release|Any CPU.ActiveCfg = Release|Any CPU
		{11397195-6D82-4D10-A775-1E0499A6AF55}.Release|Any CPU.Build.0 = Release|Any CPU
		{0F5BE586-21CB-41B3-B7D7-2E274A029343}.Debug|Any CPU.ActiveCfg = Debug|Any CPU
		{0F5BE586-21CB-41B3-B7D7-2E274A029343}.Debug|Any CPU.Build.0 = Debug|Any CPU
		{0F5BE586-21CB-41B3-B7D7-2E274A029343}.Release|Any CPU.ActiveCfg = Release|Any CPU
		{0F5BE586-21CB-41B3-B7D7-2E274A029343}.Release|Any CPU.Build.0 = Release|Any CPU
		{47481826-138A-4B90-A7D6-362764752CE4}.Debug|Any CPU.ActiveCfg = Debug|Any CPU
		{47481826-138A-4B90-A7D6-362764752CE4}.Debug|Any CPU.Build.0 = Debug|Any CPU
		{47481826-138A-4B90-A7D6-362764752CE4}.Release|Any CPU.ActiveCfg = Release|Any CPU
		{47481826-138A-4B90-A7D6-362764752CE4}.Release|Any CPU.Build.0 = Release|Any CPU
		{9D1E0A20-4A54-4625-9D64-C8113C92D8EF}.Debug|Any CPU.ActiveCfg = Debug|Any CPU
		{9D1E0A20-4A54-4625-9D64-C8113C92D8EF}.Debug|Any CPU.Build.0 = Debug|Any CPU
		{9D1E0A20-4A54-4625-9D64-C8113C92D8EF}.Release|Any CPU.ActiveCfg = Release|Any CPU
		{9D1E0A20-4A54-4625-9D64-C8113C92D8EF}.Release|Any CPU.Build.0 = Release|Any CPU
	EndGlobalSection
	GlobalSection(SolutionProperties) = preSolution
		HideSolutionNode = FALSE
	EndGlobalSection
	GlobalSection(NestedProjects) = preSolution
		{DC464831-C254-45E5-8A08-0C18F1244444} = {4D030EAD-2D80-4866-999D-B9EC87414400}
		{14443F94-53CC-46E6-92CC-3C587E2C4E9B} = {FDC6989A-FE1F-4BF2-82CE-32DC6C35C173}
		{A216A116-C2C9-4F4D-B55A-8DFECDCE3244} = {809D706A-6689-4883-A192-ACE186189EC9}
		{11397195-6D82-4D10-A775-1E0499A6AF55} = {4E53D433-8F26-4251-8BA3-B7197755BCAE}
		{0F5BE586-21CB-41B3-B7D7-2E274A029343} = {4E53D433-8F26-4251-8BA3-B7197755BCAE}
		{47481826-138A-4B90-A7D6-362764752CE4} = {4E53D433-8F26-4251-8BA3-B7197755BCAE}
		{9D1E0A20-4A54-4625-9D64-C8113C92D8EF} = {FDC6989A-FE1F-4BF2-82CE-32DC6C35C173}
	EndGlobalSection
	GlobalSection(ExtensibilityGlobals) = postSolution
		SolutionGuid = {030876CB-A8ED-46B4-BFE0-9C994F7BE45D}
	EndGlobalSection
EndGlobal
